
Microsoft Visual Studio Solution File, Format Version 12.00
# Visual Studio 15
VisualStudioVersion = 15.0.33801.198
MinimumVisualStudioVersion = 10.0.40219.1
Project("{8BC9CEB8-8B4A-11D0-8D11-00A0C91BC942}") = "BattleFriends", "BattleFriends\BattleFriends.vcxproj", "{4FF46521-24BF-4E3A-9E00-B7507C6FEE06}"
EndProject
Project("{8BC9CEB8-8B4A-11D0-8D11-00A0C91BC942}") = "test", "test\test.vcxproj", "{0AF63D08-9694-424F-987F-B94A8B8E8816}"
EndProject
Global
	GlobalSection(SolutionConfigurationPlatforms) = preSolution
		Debug|x64 = Debug|x64
		Debug|x86 = Debug|x86
		Release|x64 = Release|x64
		Release|x86 = Release|x86
	EndGlobalSection
	GlobalSection(ProjectConfigurationPlatforms) = postSolution
		{4FF46521-24BF-4E3A-9E00-B7507C6FEE06}.Debug|x64.ActiveCfg = Debug|x64
		{4FF46521-24BF-4E3A-9E00-B7507C6FEE06}.Debug|x64.Build.0 = Debug|x64
		{4FF46521-24BF-4E3A-9E00-B7507C6FEE06}.Debug|x86.ActiveCfg = Debug|Win32
		{4FF46521-24BF-4E3A-9E00-B7507C6FEE06}.Debug|x86.Build.0 = Debug|Win32
		{4FF46521-24BF-4E3A-9E00-B7507C6FEE06}.Release|x64.ActiveCfg = Release|x64
		{4FF46521-24BF-4E3A-9E00-B7507C6FEE06}.Release|x64.Build.0 = Release|x64
		{4FF46521-24BF-4E3A-9E00-B7507C6FEE06}.Release|x86.ActiveCfg = Release|Win32
		{4FF46521-24BF-4E3A-9E00-B7507C6FEE06}.Release|x86.Build.0 = Release|Win32
		{0AF63D08-9694-424F-987F-B94A8B8E8816}.Debug|x64.ActiveCfg = Debug|x64
		{0AF63D08-9694-424F-987F-B94A8B8E8816}.Debug|x64.Build.0 = Debug|x64
		{0AF63D08-9694-424F-987F-B94A8B8E8816}.Debug|x86.ActiveCfg = Debug|Win32
		{0AF63D08-9694-424F-987F-B94A8B8E8816}.Debug|x86.Build.0 = Debug|Win32
		{0AF63D08-9694-424F-987F-B94A8B8E8816}.Release|x64.ActiveCfg = Release|x64
		{0AF63D08-9694-424F-987F-B94A8B8E8816}.Release|x64.Build.0 = Release|x64
		{0AF63D08-9694-424F-987F-B94A8B8E8816}.Release|x86.ActiveCfg = Release|Win32
		{0AF63D08-9694-424F-987F-B94A8B8E8816}.Release|x86.Build.0 = Release|Win32
	EndGlobalSection
	GlobalSection(SolutionProperties) = preSolution
		HideSolutionNode = FALSE
	EndGlobalSection
	GlobalSection(ExtensibilityGlobals) = postSolution
		SolutionGuid = {7E778DB5-0597-4C24-8B43-54B20F864484}
	EndGlobalSection
EndGlobal
